// !$*UTF8*$!
{
	archiveVersion = 1;
	classes = {
	};
	objectVersion = 56;
	objects = {

/* Begin PBXBuildFile section */
		048DCBE12F16DCA5003E8627 /* Assets.xcassets in Resources */ = {isa = PBXBuildFile; fileRef = 048DCBE02F16DCA5003E8627 /* Assets.xcassets */; };
		0AA4ECFF47E34B62B271584B /* main.swift in Sources */ = {isa = PBXBuildFile; fileRef = F66258C3FC184E12AFCF222A /* main.swift */; };
		2C9FD41F5451B922CF771A57 /* CopilotSessionAPI.swift in Sources */ = {isa = PBXBuildFile; fileRef = 69158FC52CD015D8E7CA7B34 /* CopilotSessionAPI.swift */; };
		31852A3B7998452D8A852B16 /* CopilotAPI.swift in Sources */ = {isa = PBXBuildFile; fileRef = 062F0E3317B94B4197BD8285 /* CopilotAPI.swift */; };
		48BC94019A3F4F23BEFFF70E /* GitHubOAuthClient.swift in Sources */ = {isa = PBXBuildFile; fileRef = F8D2244C02F744C5B519431C /* GitHubOAuthClient.swift */; };
		7FA004F482993A5A0BDCAF79 /* GitHubWebAuthClient.swift in Sources */ = {isa = PBXBuildFile; fileRef = 0E86BFF0B2CBA74F75E46B0B /* GitHubWebAuthClient.swift */; };
		9138FFC26BEA427E90F28977 /* AppDelegate.swift in Sources */ = {isa = PBXBuildFile; fileRef = 17E5B12AEE334155BE153823 /* AppDelegate.swift */; };
		A1B2C3D4E5F64718901234AB /* KeychainCookieStorage.swift in Sources */ = {isa = PBXBuildFile; fileRef = B2C3D4E5F6A7489012345BCD /* KeychainCookieStorage.swift */; };
/* End PBXBuildFile section */

/* Begin PBXFileReference section */
		048DCBE02F16DCA5003E8627 /* Assets.xcassets */ = {isa = PBXFileReference; lastKnownFileType = folder.assetcatalog; path = Assets.xcassets; sourceTree = "<group>"; };
		062F0E3317B94B4197BD8285 /* CopilotAPI.swift */ = {isa = PBXFileReference; lastKnownFileType = sourcecode.swift; path = CopilotAPI.swift; sourceTree = "<group>"; };
		0E86BFF0B2CBA74F75E46B0B /* GitHubWebAuthClient.swift */ = {isa = PBXFileReference; includeInIndex = 1; lastKnownFileType = sourcecode.swift; path = GitHubWebAuthClient.swift; sourceTree = "<group>"; };
		17E5B12AEE334155BE153823 /* AppDelegate.swift */ = {isa = PBXFileReference; lastKnownFileType = sourcecode.swift; path = AppDelegate.swift; sourceTree = "<group>"; };
		69158FC52CD015D8E7CA7B34 /* CopilotSessionAPI.swift */ = {isa = PBXFileReference; includeInIndex = 1; lastKnownFileType = sourcecode.swift; path = CopilotSessionAPI.swift; sourceTree = "<group>"; };
		96CF65B19B4A4B958DB86DF4 /* Info.plist */ = {isa = PBXFileReference; lastKnownFileType = text.plist.xml; path = Info.plist; sourceTree = "<group>"; };
		AA358A1F00D24FF3A6FFE3AE /* GithubCopilotNotify.entitlements */ = {isa = PBXFileReference; lastKnownFileType = text.plist.entitlements; path = GithubCopilotNotify.entitlements; sourceTree = "<group>"; };
		B2C3D4E5F6A7489012345BCD /* KeychainCookieStorage.swift */ = {isa = PBXFileReference; lastKnownFileType = sourcecode.swift; path = KeychainCookieStorage.swift; sourceTree = "<group>"; };
		E56096462DB8460AA12DD252 /* GithubCopilotNotify.app */ = {isa = PBXFileReference; explicitFileType = wrapper.application; includeInIndex = 0; path = GithubCopilotNotify.app; sourceTree = BUILT_PRODUCTS_DIR; };
		F66258C3FC184E12AFCF222A /* main.swift */ = {isa = PBXFileReference; lastKnownFileType = sourcecode.swift; path = main.swift; sourceTree = "<group>"; };
		F8D2244C02F744C5B519431C /* GitHubOAuthClient.swift */ = {isa = PBXFileReference; lastKnownFileType = sourcecode.swift; path = GitHubOAuthClient.swift; sourceTree = "<group>"; };
/* End PBXFileReference section */

/* Begin PBXFrameworksBuildPhase section */
		05574A9FF21843D58B271EFF /* Frameworks */ = {
			isa = PBXFrameworksBuildPhase;
			buildActionMask = 2147483647;
			files = (
			);
			runOnlyForDeploymentPostprocessing = 0;
		};
/* End PBXFrameworksBuildPhase section */

/* Begin PBXGroup section */
		6AEC1DD4E96C474DBC694105 /* GithubCopilotNotify */ = {
			isa = PBXGroup;
			children = (
				F66258C3FC184E12AFCF222A /* main.swift */,
				17E5B12AEE334155BE153823 /* AppDelegate.swift */,
				062F0E3317B94B4197BD8285 /* CopilotAPI.swift */,
				F8D2244C02F744C5B519431C /* GitHubOAuthClient.swift */,
				AA358A1F00D24FF3A6FFE3AE /* GithubCopilotNotify.entitlements */,
				96CF65B19B4A4B958DB86DF4 /* Info.plist */,
				0E86BFF0B2CBA74F75E46B0B /* GitHubWebAuthClient.swift */,
				69158FC52CD015D8E7CA7B34 /* CopilotSessionAPI.swift */,
				B2C3D4E5F6A7489012345BCD /* KeychainCookieStorage.swift */,
				048DCBE02F16DCA5003E8627 /* Assets.xcassets */,
			);
			path = GithubCopilotNotify;
			sourceTree = "<group>";
		};
		7846BBFD26BC42659D84BBC6 /* Products */ = {
			isa = PBXGroup;
			children = (
				E56096462DB8460AA12DD252 /* GithubCopilotNotify.app */,
			);
			name = Products;
			sourceTree = "<group>";
		};
		DA45C802CCD34D66A9932142 = {
			isa = PBXGroup;
			children = (
				6AEC1DD4E96C474DBC694105 /* GithubCopilotNotify */,
				7846BBFD26BC42659D84BBC6 /* Products */,
			);
			sourceTree = "<group>";
		};
/* End PBXGroup section */

/* Begin PBXNativeTarget section */
		A59015542018496DBC6C3669 /* GithubCopilotNotify */ = {
			isa = PBXNativeTarget;
			buildConfigurationList = BA19C8179CAA412BA44C81E6 /* Build configuration list for PBXNativeTarget "GithubCopilotNotify" */;
			buildPhases = (
				87D4B30657A94939BAF0718C /* Sources */,
				05574A9FF21843D58B271EFF /* Frameworks */,
				6C6E0CBD938548F3BBFF79BC /* Resources */,
			);
			buildRules = (
			);
			dependencies = (
			);
			name = GithubCopilotNotify;
			productName = GithubCopilotNotify;
			productReference = E56096462DB8460AA12DD252 /* GithubCopilotNotify.app */;
			productType = "com.apple.product-type.application";
		};
/* End PBXNativeTarget section */

/* Begin PBXProject section */
		EC1C4F9C88FF47699E306072 /* Project object */ = {
			isa = PBXProject;
			attributes = {
				BuildIndependentTargetsInParallel = 1;
				LastSwiftUpdateCheck = 1520;
				LastUpgradeCheck = 1520;
				TargetAttributes = {
					A59015542018496DBC6C3669 = {
						CreatedOnToolsVersion = 15.2;
					};
				};
			};
			buildConfigurationList = 65B9CC4B60DE498AB5420047 /* Build configuration list for PBXProject "GithubCopilotNotify" */;
			compatibilityVersion = "Xcode 14.0";
			developmentRegion = en;
			hasScannedForEncodings = 0;
			knownRegions = (
				en,
				Base,
			);
			mainGroup = DA45C802CCD34D66A9932142;
			productRefGroup = 7846BBFD26BC42659D84BBC6 /* Products */;
			projectDirPath = "";
			projectRoot = "";
			targets = (
				A59015542018496DBC6C3669 /* GithubCopilotNotify */,
			);
		};
/* End PBXProject section */

/* Begin PBXResourcesBuildPhase section */
		6C6E0CBD938548F3BBFF79BC /* Resources */ = {
			isa = PBXResourcesBuildPhase;
			buildActionMask = 2147483647;
			files = (
				048DCBE12F16DCA5003E8627 /* Assets.xcassets in Resources */,
			);
			runOnlyForDeploymentPostprocessing = 0;
		};
/* End PBXResourcesBuildPhase section */

/* Begin PBXSourcesBuildPhase section */
		87D4B30657A94939BAF0718C /* Sources */ = {
			isa = PBXSourcesBuildPhase;
			buildActionMask = 2147483647;
			files = (
				0AA4ECFF47E34B62B271584B /* main.swift in Sources */,
				9138FFC26BEA427E90F28977 /* AppDelegate.swift in Sources */,
				31852A3B7998452D8A852B16 /* CopilotAPI.swift in Sources */,
				48BC94019A3F4F23BEFFF70E /* GitHubOAuthClient.swift in Sources */,
				7FA004F482993A5A0BDCAF79 /* GitHubWebAuthClient.swift in Sources */,
				2C9FD41F5451B922CF771A57 /* CopilotSessionAPI.swift in Sources */,
				A1B2C3D4E5F64718901234AB /* KeychainCookieStorage.swift in Sources */,
			);
			runOnlyForDeploymentPostprocessing = 0;
		};
/* End PBXSourcesBuildPhase section */

/* Begin XCBuildConfiguration section */
		815ACFE090DF470FA4425BED /* Release */ = {
			isa = XCBuildConfiguration;
			buildSettings = {
				ASSETCATALOG_COMPILER_APPICON_NAME = AppIcon;
				ASSETCATALOG_COMPILER_GLOBAL_ACCENT_COLOR_NAME = AccentColor;
				CODE_SIGN_ENTITLEMENTS = GithubCopilotNotify/GithubCopilotNotify.entitlements;
				CODE_SIGN_STYLE = Automatic;
				COMBINE_HIDPI_IMAGES = YES;
				CURRENT_PROJECT_VERSION = 1;
				DEVELOPMENT_TEAM = "";
				ENABLE_HARDENED_RUNTIME = YES;
				GENERATE_INFOPLIST_FILE = NO;
				INFOPLIST_FILE = GithubCopilotNotify/Info.plist;
				INFOPLIST_KEY_LSUIElement = YES;
				INFOPLIST_KEY_NSHumanReadableCopyright = "Copyright © 2026 Unicorn Operations. All rights reserved.";
				INFOPLIST_KEY_NSPrincipalClass = NSApplication;
				LD_RUNPATH_SEARCH_PATHS = (
					"$(inherited)",
					"@executable_path/../Frameworks",
				);
				MARKETING_VERSION = 1.0.0;
				PRODUCT_BUNDLE_IDENTIFIER = ie.unicornops.GithubCopilotNotify;
				PRODUCT_NAME = "$(TARGET_NAME)";
				SWIFT_EMIT_LOC_STRINGS = YES;
				SWIFT_VERSION = 5.0;
			};
			name = Release;
		};
		96C65CD87B0B4A54B052D388 /* Release */ = {
			isa = XCBuildConfiguration;
			buildSettings = {
				ALWAYS_SEARCH_USER_PATHS = NO;
				ASSETCATALOG_COMPILER_GENERATE_SWIFT_ASSET_SYMBOL_EXTENSIONS = YES;
				CLANG_ANALYZER_NONNULL = YES;
				CLANG_ANALYZER_NUMBER_OBJECT_CONVERSION = YES_AGGRESSIVE;
				CLANG_CXX_LANGUAGE_STANDARD = "gnu++20";
				CLANG_ENABLE_MODULES = YES;
				CLANG_ENABLE_OBJC_ARC = YES;
				CLANG_ENABLE_OBJC_WEAK = YES;
				CLANG_WARN_BLOCK_CAPTURE_AUTORELEASING = YES;
				CLANG_WARN_BOOL_CONVERSION = YES;
				CLANG_WARN_COMMA = YES;
				CLANG_WARN_CONSTANT_CONVERSION = YES;
				CLANG_WARN_DEPRECATED_OBJC_IMPLEMENTATIONS = YES;
				CLANG_WARN_DIRECT_OBJC_ISA_USAGE = YES_ERROR;
				CLANG_WARN_DOCUMENTATION_COMMENTS = YES;
				CLANG_WARN_EMPTY_BODY = YES;
				CLANG_WARN_ENUM_CONVERSION = YES;
				CLANG_WARN_INFINITE_RECURSION = YES;
				CLANG_WARN_INT_CONVERSION = YES;
				CLANG_WARN_NON_LITERAL_NULL_CONVERSION = YES;
				CLANG_WARN_OBJC_IMPLICIT_RETAIN_SELF = YES;
				CLANG_WARN_OBJC_LITERAL_CONVERSION = YES;
				CLANG_WARN_OBJC_ROOT_CLASS = YES_ERROR;
				CLANG_WARN_QUOTED_INCLUDE_IN_FRAMEWORK_HEADER = YES;
				CLANG_WARN_RANGE_LOOP_ANALYSIS = YES;
				CLANG_WARN_STRICT_PROTOTYPES = YES;
				CLANG_WARN_SUSPICIOUS_MOVE = YES;
				CLANG_WARN_UNGUARDED_AVAILABILITY = YES_AGGRESSIVE;
				CLANG_WARN_UNREACHABLE_CODE = YES;
				CLANG_WARN__DUPLICATE_METHOD_MATCH = YES;
				COPY_PHASE_STRIP = NO;
				DEBUG_INFORMATION_FORMAT = "dwarf-with-dsym";
				ENABLE_NS_ASSERTIONS = NO;
				ENABLE_STRICT_OBJC_MSGSEND = YES;
				ENABLE_USER_SCRIPT_SANDBOXING = YES;
				GCC_C_LANGUAGE_STANDARD = gnu17;
				GCC_NO_COMMON_BLOCKS = YES;
				GCC_WARN_64_TO_32_BIT_CONVERSION = YES;
				GCC_WARN_ABOUT_RETURN_TYPE = YES_ERROR;
				GCC_WARN_UNDECLARED_SELECTOR = YES;
				GCC_WARN_UNINITIALIZED_AUTOS = YES_AGGRESSIVE;
				GCC_WARN_UNUSED_FUNCTION = YES;
				GCC_WARN_UNUSED_VARIABLE = YES;
				LOCALIZATION_PREFERS_STRING_CATALOGS = YES;
				MACOSX_DEPLOYMENT_TARGET = 13.0;
				MTL_ENABLE_DEBUG_INFO = NO;
				MTL_FAST_MATH = YES;
				SDKROOT = macosx;
				SWIFT_COMPILATION_MODE = wholemodule;
			};
			name = Release;
		};
		B45E0171FD0740F0B287A6D0 /* Debug */ = {
			isa = XCBuildConfiguration;
			buildSettings = {
				ASSETCATALOG_COMPILER_APPICON_NAME = AppIcon;
				ASSETCATALOG_COMPILER_GLOBAL_ACCENT_COLOR_NAME = AccentColor;
				CODE_SIGN_ENTITLEMENTS = GithubCopilotNotify/GithubCopilotNotify.entitlements;
				CODE_SIGN_STYLE = Automatic;
				COMBINE_HIDPI_IMAGES = YES;
				CURRENT_PROJECT_VERSION = 1;
				DEVELOPMENT_TEAM = "";
				ENABLE_HARDENED_RUNTIME = YES;
				GENERATE_INFOPLIST_FILE = NO;
				INFOPLIST_FILE = GithubCopilotNotify/Info.plist;
				INFOPLIST_KEY_LSUIElement = YES;
				INFOPLIST_KEY_NSHumanReadableCopyright = "Copyright © 2026 Unicorn Operations. All rights reserved.";
				INFOPLIST_KEY_NSPrincipalClass = NSApplication;
				LD_RUNPATH_SEARCH_PATHS = (
					"$(inherited)",
					"@executable_path/../Frameworks",
				);
				MARKETING_VERSION = 1.0.0;
				PRODUCT_BUNDLE_IDENTIFIER = ie.unicornops.GithubCopilotNotify;
				PRODUCT_NAME = "$(TARGET_NAME)";
				SWIFT_EMIT_LOC_STRINGS = YES;
				SWIFT_VERSION = 5.0;
			};
			name = Debug;
		};
		CE9FC29A70294233BEA1D7C8 /* Debug */ = {
			isa = XCBuildConfiguration;
			buildSettings = {
				ALWAYS_SEARCH_USER_PATHS = NO;
				ASSETCATALOG_COMPILER_GENERATE_SWIFT_ASSET_SYMBOL_EXTENSIONS = YES;
				CLANG_ANALYZER_NONNULL = YES;
				CLANG_ANALYZER_NUMBER_OBJECT_CONVERSION = YES_AGGRESSIVE;
				CLANG_CXX_LANGUAGE_STANDARD = "gnu++20";
				CLANG_ENABLE_MODULES = YES;
				CLANG_ENABLE_OBJC_ARC = YES;
				CLANG_ENABLE_OBJC_WEAK = YES;
				CLANG_WARN_BLOCK_CAPTURE_AUTORELEASING = YES;
				CLANG_WARN_BOOL_CONVERSION = YES;
				CLANG_WARN_COMMA = YES;
				CLANG_WARN_CONSTANT_CONVERSION = YES;
				CLANG_WARN_DEPRECATED_OBJC_IMPLEMENTATIONS = YES;
				CLANG_WARN_DIRECT_OBJC_ISA_USAGE = YES_ERROR;
				CLANG_WARN_DOCUMENTATION_COMMENTS = YES;
				CLANG_WARN_EMPTY_BODY = YES;
				CLANG_WARN_ENUM_CONVERSION = YES;
				CLANG_WARN_INFINITE_RECURSION = YES;
				CLANG_WARN_INT_CONVERSION = YES;
				CLANG_WARN_NON_LITERAL_NULL_CONVERSION = YES;
				CLANG_WARN_OBJC_IMPLICIT_RETAIN_SELF = YES;
				CLANG_WARN_OBJC_LITERAL_CONVERSION = YES;
				CLANG_WARN_OBJC_ROOT_CLASS = YES_ERROR;
				CLANG_WARN_QUOTED_INCLUDE_IN_FRAMEWORK_HEADER = YES;
				CLANG_WARN_RANGE_LOOP_ANALYSIS = YES;
				CLANG_WARN_STRICT_PROTOTYPES = YES;
				CLANG_WARN_SUSPICIOUS_MOVE = YES;
				CLANG_WARN_UNGUARDED_AVAILABILITY = YES_AGGRESSIVE;
				CLANG_WARN_UNREACHABLE_CODE = YES;
				CLANG_WARN__DUPLICATE_METHOD_MATCH = YES;
				COPY_PHASE_STRIP = NO;
				DEBUG_INFORMATION_FORMAT = dwarf;
				ENABLE_STRICT_OBJC_MSGSEND = YES;
				ENABLE_TESTABILITY = YES;
				ENABLE_USER_SCRIPT_SANDBOXING = YES;
				GCC_C_LANGUAGE_STANDARD = gnu17;
				GCC_DYNAMIC_NO_PIC = NO;
				GCC_NO_COMMON_BLOCKS = YES;
				GCC_OPTIMIZATION_LEVEL = 0;
				GCC_PREPROCESSOR_DEFINITIONS = (
					"DEBUG=1",
					"$(inherited)",
				);
				GCC_WARN_64_TO_32_BIT_CONVERSION = YES;
				GCC_WARN_ABOUT_RETURN_TYPE = YES_ERROR;
				GCC_WARN_UNDECLARED_SELECTOR = YES;
				GCC_WARN_UNINITIALIZED_AUTOS = YES_AGGRESSIVE;
				GCC_WARN_UNUSED_FUNCTION = YES;
				GCC_WARN_UNUSED_VARIABLE = YES;
				LOCALIZATION_PREFERS_STRING_CATALOGS = YES;
				MACOSX_DEPLOYMENT_TARGET = 13.0;
				MTL_ENABLE_DEBUG_INFO = INCLUDE_SOURCE;
				MTL_FAST_MATH = YES;
				ONLY_ACTIVE_ARCH = YES;
				SDKROOT = macosx;
				SWIFT_ACTIVE_COMPILATION_CONDITIONS = "DEBUG $(inherited)";
				SWIFT_OPTIMIZATION_LEVEL = "-Onone";
			};
			name = Debug;
		};
/* End XCBuildConfiguration section */

/* Begin XCConfigurationList section */
		65B9CC4B60DE498AB5420047 /* Build configuration list for PBXProject "GithubCopilotNotify" */ = {
			isa = XCConfigurationList;
			buildConfigurations = (
				CE9FC29A70294233BEA1D7C8 /* Debug */,
				96C65CD87B0B4A54B052D388 /* Release */,
			);
			defaultConfigurationIsVisible = 0;
			defaultConfigurationName = Release;
		};
		BA19C8179CAA412BA44C81E6 /* Build configuration list for PBXNativeTarget "GithubCopilotNotify" */ = {
			isa = XCConfigurationList;
			buildConfigurations = (
				B45E0171FD0740F0B287A6D0 /* Debug */,
				815ACFE090DF470FA4425BED /* Release */,
			);
			defaultConfigurationIsVisible = 0;
			defaultConfigurationName = Release;
		};
/* End XCConfigurationList section */
	};
	rootObject = EC1C4F9C88FF47699E306072 /* Project object */;
}
